
Microsoft Visual Studio Solution File, Format Version 12.00
Project("{FAE04EC0-301F-11D3-BF4B-00C04F79EFBC}") = "Blocktrust.CredentialBuilder.Server", "Blocktrust.CredentialBuilder.Server\Blocktrust.CredentialBuilder.Server.csproj", "{5B92D0DD-A3D4-4825-A16A-66AED8635B80}"
EndProject
Project("{FAE04EC0-301F-11D3-BF4B-00C04F79EFBC}") = "Blocktrust.CredentialBuilder.Client", "Blocktrust.CredentialBuilder.Client\Blocktrust.CredentialBuilder.Client.csproj", "{922F74C2-16A3-4DA1-A269-0AED5113F9AA}"
EndProject
Project("{FAE04EC0-301F-11D3-BF4B-00C04F79EFBC}") = "Blocktrust.CredentialBuilder.Shared", "Blocktrust.CredentialBuilder.Shared\Blocktrust.CredentialBuilder.Shared.csproj", "{6664F8E0-5C8C-4D68-9A69-760C326FAED7}"
EndProject
Global
	GlobalSection(SolutionConfigurationPlatforms) = preSolution
		Debug|Any CPU = Debug|Any CPU
		Release|Any CPU = Release|Any CPU
	EndGlobalSection
	GlobalSection(ProjectConfigurationPlatforms) = postSolution
		{5B92D0DD-A3D4-4825-A16A-66AED8635B80}.Debug|Any CPU.ActiveCfg = Debug|Any CPU
		{5B92D0DD-A3D4-4825-A16A-66AED8635B80}.Debug|Any CPU.Build.0 = Debug|Any CPU
		{5B92D0DD-A3D4-4825-A16A-66AED8635B80}.Release|Any CPU.ActiveCfg = Release|Any CPU
		{5B92D0DD-A3D4-4825-A16A-66AED8635B80}.Release|Any CPU.Build.0 = Release|Any CPU
		{922F74C2-16A3-4DA1-A269-0AED5113F9AA}.Debug|Any CPU.ActiveCfg = Debug|Any CPU
		{922F74C2-16A3-4DA1-A269-0AED5113F9AA}.Debug|Any CPU.Build.0 = Debug|Any CPU
		{922F74C2-16A3-4DA1-A269-0AED5113F9AA}.Release|Any CPU.ActiveCfg = Release|Any CPU
		{922F74C2-16A3-4DA1-A269-0AED5113F9AA}.Release|Any CPU.Build.0 = Release|Any CPU
		{6664F8E0-5C8C-4D68-9A69-760C326FAED7}.Debug|Any CPU.ActiveCfg = Debug|Any CPU
		{6664F8E0-5C8C-4D68-9A69-760C326FAED7}.Debug|Any CPU.Build.0 = Debug|Any CPU
		{6664F8E0-5C8C-4D68-9A69-760C326FAED7}.Release|Any CPU.ActiveCfg = Release|Any CPU
		{6664F8E0-5C8C-4D68-9A69-760C326FAED7}.Release|Any CPU.Build.0 = Release|Any CPU
	EndGlobalSection
EndGlobal
